
Microsoft Visual Studio Solution File, Format Version 12.00
# Visual Studio 2012
Project("{FAE04EC0-301F-11D3-BF4B-00C04F79EFBC}") = "DW.Profiles", "DW.Profiles\DW.Profiles.csproj", "{77C9958F-A215-4E13-932A-E872BB3035E1}"
EndProject
Project("{FAE04EC0-301F-11D3-BF4B-00C04F79EFBC}") = "DW.Profiles.MMD", "DW.Profiles.MMD\DW.Profiles.MMD.csproj", "{4725E423-2BF0-45F8-A36D-9DAE2BD13E46}"
EndProject
Project("{FAE04EC0-301F-11D3-BF4B-00C04F79EFBC}") = "DW.Profiles.AD", "DW.Profiles.AD\DW.Profiles.AD.csproj", "{89CCCA39-EF4F-4E8C-823D-1A4FC9B691F2}"
EndProject
Project("{FAE04EC0-301F-11D3-BF4B-00C04F79EFBC}") = "DW.Profiles.Import", "DW.Profiles.Import\DW.Profiles.Import.csproj", "{F3C194FD-242F-4A58-A078-339077A86C94}"
EndProject
Project("{FAE04EC0-301F-11D3-BF4B-00C04F79EFBC}") = "DW.ClientOmAuth", "DW.ClientOmAuth\DW.ClientOmAuth.csproj", "{818075B3-D4D9-4EFE-836D-DB8977F0F3C0}"
EndProject
Project("{FAE04EC0-301F-11D3-BF4B-00C04F79EFBC}") = "DW.Exception", "DW.Exception\DW.Exception.csproj", "{50327DF2-5F3E-4C7F-AE74-AB638491BDFD}"
EndProject
Project("{6141683F-8A12-4E36-9623-2EB02B2C2303}") = "Deploy", "Deploy\Deploy.isproj", "{CDDB3273-6415-4C93-86BA-0FADA268A8A6}"
	ProjectSection(ProjectDependencies) = postProject
		{4725E423-2BF0-45F8-A36D-9DAE2BD13E46} = {4725E423-2BF0-45F8-A36D-9DAE2BD13E46}
		{89CCCA39-EF4F-4E8C-823D-1A4FC9B691F2} = {89CCCA39-EF4F-4E8C-823D-1A4FC9B691F2}
		{77C9958F-A215-4E13-932A-E872BB3035E1} = {77C9958F-A215-4E13-932A-E872BB3035E1}
		{818075B3-D4D9-4EFE-836D-DB8977F0F3C0} = {818075B3-D4D9-4EFE-836D-DB8977F0F3C0}
		{50327DF2-5F3E-4C7F-AE74-AB638491BDFD} = {50327DF2-5F3E-4C7F-AE74-AB638491BDFD}
	EndProjectSection
EndProject
Global
	GlobalSection(SolutionConfigurationPlatforms) = preSolution
		CD_ROM|Any CPU = CD_ROM|Any CPU
		Debug|Any CPU = Debug|Any CPU
		DVD-5|Any CPU = DVD-5|Any CPU
		Release|Any CPU = Release|Any CPU
		SingleImage|Any CPU = SingleImage|Any CPU
	EndGlobalSection
	GlobalSection(ProjectConfigurationPlatforms) = postSolution
		{77C9958F-A215-4E13-932A-E872BB3035E1}.CD_ROM|Any CPU.ActiveCfg = Release|Any CPU
		{77C9958F-A215-4E13-932A-E872BB3035E1}.CD_ROM|Any CPU.Build.0 = Release|Any CPU
		{77C9958F-A215-4E13-932A-E872BB3035E1}.Debug|Any CPU.ActiveCfg = Debug|Any CPU
		{77C9958F-A215-4E13-932A-E872BB3035E1}.Debug|Any CPU.Build.0 = Debug|Any CPU
		{77C9958F-A215-4E13-932A-E872BB3035E1}.DVD-5|Any CPU.ActiveCfg = Debug|Any CPU
		{77C9958F-A215-4E13-932A-E872BB3035E1}.DVD-5|Any CPU.Build.0 = Debug|Any CPU
		{77C9958F-A215-4E13-932A-E872BB3035E1}.Release|Any CPU.ActiveCfg = Release|Any CPU
		{77C9958F-A215-4E13-932A-E872BB3035E1}.Release|Any CPU.Build.0 = Release|Any CPU
		{77C9958F-A215-4E13-932A-E872BB3035E1}.SingleImage|Any CPU.ActiveCfg = Release|Any CPU
		{77C9958F-A215-4E13-932A-E872BB3035E1}.SingleImage|Any CPU.Build.0 = Release|Any CPU
		{4725E423-2BF0-45F8-A36D-9DAE2BD13E46}.CD_ROM|Any CPU.ActiveCfg = Release|Any CPU
		{4725E423-2BF0-45F8-A36D-9DAE2BD13E46}.CD_ROM|Any CPU.Build.0 = Release|Any CPU
		{4725E423-2BF0-45F8-A36D-9DAE2BD13E46}.Debug|Any CPU.ActiveCfg = Debug|Any CPU
		{4725E423-2BF0-45F8-A36D-9DAE2BD13E46}.Debug|Any CPU.Build.0 = Debug|Any CPU
		{4725E423-2BF0-45F8-A36D-9DAE2BD13E46}.DVD-5|Any CPU.ActiveCfg = Debug|Any CPU
		{4725E423-2BF0-45F8-A36D-9DAE2BD13E46}.DVD-5|Any CPU.Build.0 = Debug|Any CPU
		{4725E423-2BF0-45F8-A36D-9DAE2BD13E46}.Release|Any CPU.ActiveCfg = Release|Any CPU
		{4725E423-2BF0-45F8-A36D-9DAE2BD13E46}.Release|Any CPU.Build.0 = Release|Any CPU
		{4725E423-2BF0-45F8-A36D-9DAE2BD13E46}.SingleImage|Any CPU.ActiveCfg = Release|Any CPU
		{4725E423-2BF0-45F8-A36D-9DAE2BD13E46}.SingleImage|Any CPU.Build.0 = Release|Any CPU
		{89CCCA39-EF4F-4E8C-823D-1A4FC9B691F2}.CD_ROM|Any CPU.ActiveCfg = Release|Any CPU
		{89CCCA39-EF4F-4E8C-823D-1A4FC9B691F2}.CD_ROM|Any CPU.Build.0 = Release|Any CPU
		{89CCCA39-EF4F-4E8C-823D-1A4FC9B691F2}.Debug|Any CPU.ActiveCfg = Debug|Any CPU
		{89CCCA39-EF4F-4E8C-823D-1A4FC9B691F2}.Debug|Any CPU.Build.0 = Debug|Any CPU
		{89CCCA39-EF4F-4E8C-823D-1A4FC9B691F2}.DVD-5|Any CPU.ActiveCfg = Debug|Any CPU
		{89CCCA39-EF4F-4E8C-823D-1A4FC9B691F2}.DVD-5|Any CPU.Build.0 = Debug|Any CPU
		{89CCCA39-EF4F-4E8C-823D-1A4FC9B691F2}.Release|Any CPU.ActiveCfg = Release|Any CPU
		{89CCCA39-EF4F-4E8C-823D-1A4FC9B691F2}.Release|Any CPU.Build.0 = Release|Any CPU
		{89CCCA39-EF4F-4E8C-823D-1A4FC9B691F2}.SingleImage|Any CPU.ActiveCfg = Release|Any CPU
		{89CCCA39-EF4F-4E8C-823D-1A4FC9B691F2}.SingleImage|Any CPU.Build.0 = Release|Any CPU
		{F3C194FD-242F-4A58-A078-339077A86C94}.CD_ROM|Any CPU.ActiveCfg = Release|Any CPU
		{F3C194FD-242F-4A58-A078-339077A86C94}.CD_ROM|Any CPU.Build.0 = Release|Any CPU
		{F3C194FD-242F-4A58-A078-339077A86C94}.Debug|Any CPU.ActiveCfg = Debug|Any CPU
		{F3C194FD-242F-4A58-A078-339077A86C94}.Debug|Any CPU.Build.0 = Debug|Any CPU
		{F3C194FD-242F-4A58-A078-339077A86C94}.DVD-5|Any CPU.ActiveCfg = Debug|Any CPU
		{F3C194FD-242F-4A58-A078-339077A86C94}.DVD-5|Any CPU.Build.0 = Debug|Any CPU
		{F3C194FD-242F-4A58-A078-339077A86C94}.Release|Any CPU.ActiveCfg = Release|Any CPU
		{F3C194FD-242F-4A58-A078-339077A86C94}.Release|Any CPU.Build.0 = Release|Any CPU
		{F3C194FD-242F-4A58-A078-339077A86C94}.SingleImage|Any CPU.ActiveCfg = Release|Any CPU
		{F3C194FD-242F-4A58-A078-339077A86C94}.SingleImage|Any CPU.Build.0 = Release|Any CPU
		{818075B3-D4D9-4EFE-836D-DB8977F0F3C0}.CD_ROM|Any CPU.ActiveCfg = Release|Any CPU
		{818075B3-D4D9-4EFE-836D-DB8977F0F3C0}.CD_ROM|Any CPU.Build.0 = Release|Any CPU
		{818075B3-D4D9-4EFE-836D-DB8977F0F3C0}.Debug|Any CPU.ActiveCfg = Debug|Any CPU
		{818075B3-D4D9-4EFE-836D-DB8977F0F3C0}.Debug|Any CPU.Build.0 = Debug|Any CPU
		{818075B3-D4D9-4EFE-836D-DB8977F0F3C0}.DVD-5|Any CPU.ActiveCfg = Debug|Any CPU
		{818075B3-D4D9-4EFE-836D-DB8977F0F3C0}.DVD-5|Any CPU.Build.0 = Debug|Any CPU
		{818075B3-D4D9-4EFE-836D-DB8977F0F3C0}.Release|Any CPU.ActiveCfg = Release|Any CPU
		{818075B3-D4D9-4EFE-836D-DB8977F0F3C0}.Release|Any CPU.Build.0 = Release|Any CPU
		{818075B3-D4D9-4EFE-836D-DB8977F0F3C0}.SingleImage|Any CPU.ActiveCfg = Release|Any CPU
		{818075B3-D4D9-4EFE-836D-DB8977F0F3C0}.SingleImage|Any CPU.Build.0 = Release|Any CPU
		{50327DF2-5F3E-4C7F-AE74-AB638491BDFD}.CD_ROM|Any CPU.ActiveCfg = Release|Any CPU
		{50327DF2-5F3E-4C7F-AE74-AB638491BDFD}.CD_ROM|Any CPU.Build.0 = Release|Any CPU
		{50327DF2-5F3E-4C7F-AE74-AB638491BDFD}.Debug|Any CPU.ActiveCfg = Debug|Any CPU
		{50327DF2-5F3E-4C7F-AE74-AB638491BDFD}.Debug|Any CPU.Build.0 = Debug|Any CPU
		{50327DF2-5F3E-4C7F-AE74-AB638491BDFD}.DVD-5|Any CPU.ActiveCfg = Debug|Any CPU
		{50327DF2-5F3E-4C7F-AE74-AB638491BDFD}.DVD-5|Any CPU.Build.0 = Debug|Any CPU
		{50327DF2-5F3E-4C7F-AE74-AB638491BDFD}.Release|Any CPU.ActiveCfg = Release|Any CPU
		{50327DF2-5F3E-4C7F-AE74-AB638491BDFD}.Release|Any CPU.Build.0 = Release|Any CPU
		{50327DF2-5F3E-4C7F-AE74-AB638491BDFD}.SingleImage|Any CPU.ActiveCfg = Release|Any CPU
		{50327DF2-5F3E-4C7F-AE74-AB638491BDFD}.SingleImage|Any CPU.Build.0 = Release|Any CPU
		{CDDB3273-6415-4C93-86BA-0FADA268A8A6}.CD_ROM|Any CPU.ActiveCfg = CD_ROM
		{CDDB3273-6415-4C93-86BA-0FADA268A8A6}.CD_ROM|Any CPU.Build.0 = CD_ROM
		{CDDB3273-6415-4C93-86BA-0FADA268A8A6}.Debug|Any CPU.ActiveCfg = DVD-5
		{CDDB3273-6415-4C93-86BA-0FADA268A8A6}.Debug|Any CPU.Build.0 = DVD-5
		{CDDB3273-6415-4C93-86BA-0FADA268A8A6}.DVD-5|Any CPU.ActiveCfg = DVD-5
		{CDDB3273-6415-4C93-86BA-0FADA268A8A6}.DVD-5|Any CPU.Build.0 = DVD-5
		{CDDB3273-6415-4C93-86BA-0FADA268A8A6}.Release|Any CPU.ActiveCfg = SingleImage
		{CDDB3273-6415-4C93-86BA-0FADA268A8A6}.Release|Any CPU.Build.0 = SingleImage
		{CDDB3273-6415-4C93-86BA-0FADA268A8A6}.SingleImage|Any CPU.ActiveCfg = SingleImage
		{CDDB3273-6415-4C93-86BA-0FADA268A8A6}.SingleImage|Any CPU.Build.0 = SingleImage
	EndGlobalSection
	GlobalSection(SolutionProperties) = preSolution
		HideSolutionNode = FALSE
	EndGlobalSection
EndGlobal
